
Microsoft Visual Studio Solution File, Format Version 12.00
# Visual Studio Version 17
VisualStudioVersion = 17.14.36109.1 d17.14
MinimumVisualStudioVersion = 10.0.40219.1
Project("{FAE04EC0-301F-11D3-BF4B-00C04F79EFBC}") = "DevIO.AppMvc", "src\DevIO.AppMvc\DevIO.AppMvc.csproj", "{37EA1301-FB4F-407C-8891-969C1DC26B9D}"
EndProject
Project("{FAE04EC0-301F-11D3-BF4B-00C04F79EFBC}") = "DevIO.Business", "src\DevIO.Business\DevIO.Business.csproj", "{B7D677F8-2DCC-45F9-BE51-4D2DF3BF888F}"
EndProject
Project("{FAE04EC0-301F-11D3-BF4B-00C04F79EFBC}") = "DevIO.Infra", "src\DevIO.Infra\DevIO.Infra.csproj", "{65C42572-77C8-4721-8DEF-32D741415C79}"
EndProject
Global
	GlobalSection(SolutionConfigurationPlatforms) = preSolution
		Debug|Any CPU = Debug|Any CPU
		Release|Any CPU = Release|Any CPU
	EndGlobalSection
	GlobalSection(ProjectConfigurationPlatforms) = postSolution
		{37EA1301-FB4F-407C-8891-969C1DC26B9D}.Debug|Any CPU.ActiveCfg = Debug|Any CPU
		{37EA1301-FB4F-407C-8891-969C1DC26B9D}.Debug|Any CPU.Build.0 = Debug|Any CPU
		{37EA1301-FB4F-407C-8891-969C1DC26B9D}.Release|Any CPU.ActiveCfg = Release|Any CPU
		{37EA1301-FB4F-407C-8891-969C1DC26B9D}.Release|Any CPU.Build.0 = Release|Any CPU
		{B7D677F8-2DCC-45F9-BE51-4D2DF3BF888F}.Debug|Any CPU.ActiveCfg = Debug|Any CPU
		{B7D677F8-2DCC-45F9-BE51-4D2DF3BF888F}.Debug|Any CPU.Build.0 = Debug|Any CPU
		{B7D677F8-2DCC-45F9-BE51-4D2DF3BF888F}.Release|Any CPU.ActiveCfg = Release|Any CPU
		{B7D677F8-2DCC-45F9-BE51-4D2DF3BF888F}.Release|Any CPU.Build.0 = Release|Any CPU
		{65C42572-77C8-4721-8DEF-32D741415C79}.Debug|Any CPU.ActiveCfg = Debug|Any CPU
		{65C42572-77C8-4721-8DEF-32D741415C79}.Debug|Any CPU.Build.0 = Debug|Any CPU
		{65C42572-77C8-4721-8DEF-32D741415C79}.Release|Any CPU.ActiveCfg = Release|Any CPU
		{65C42572-77C8-4721-8DEF-32D741415C79}.Release|Any CPU.Build.0 = Release|Any CPU
	EndGlobalSection
	GlobalSection(SolutionProperties) = preSolution
		HideSolutionNode = FALSE
	EndGlobalSection
	GlobalSection(ExtensibilityGlobals) = postSolution
		SolutionGuid = {C04E81BF-2A86-4B83-AAAB-8FB8B254913D}
	EndGlobalSection
EndGlobal
