
Microsoft Visual Studio Solution File, Format Version 12.00
# Visual Studio Version 16
VisualStudioVersion = 16.0.33920.266
MinimumVisualStudioVersion = 10.0.40219.1
Project("{FAE04EC0-301F-11D3-BF4B-00C04F79EFBC}") = "AppMvc", "AppMvc\AppMvc.csproj", "{C242ECC5-05FA-40EB-850B-32844C9A9605}"
EndProject
Global
	GlobalSection(SolutionConfigurationPlatforms) = preSolution
		Debug|Any CPU = Debug|Any CPU
		Release|Any CPU = Release|Any CPU
	EndGlobalSection
	GlobalSection(ProjectConfigurationPlatforms) = postSolution
		{C242ECC5-05FA-40EB-850B-32844C9A9605}.Debug|Any CPU.ActiveCfg = Debug|Any CPU
		{C242ECC5-05FA-40EB-850B-32844C9A9605}.Debug|Any CPU.Build.0 = Debug|Any CPU
		{C242ECC5-05FA-40EB-850B-32844C9A9605}.Release|Any CPU.ActiveCfg = Release|Any CPU
		{C242ECC5-05FA-40EB-850B-32844C9A9605}.Release|Any CPU.Build.0 = Release|Any CPU
	EndGlobalSection
	GlobalSection(SolutionProperties) = preSolution
		HideSolutionNode = FALSE
	EndGlobalSection
	GlobalSection(ExtensibilityGlobals) = postSolution
		SolutionGuid = {47D15694-29EE-4655-871C-65F0B0BC9705}
	EndGlobalSection
EndGlobal
